
Microsoft Visual Studio Solution File, Format Version 12.00
# Visual Studio Version 16
VisualStudioVersion = 16.0.30804.86
MinimumVisualStudioVersion = 10.0.40219.1
Project("{FAE04EC0-301F-11D3-BF4B-00C04F79EFBC}") = "Aula72VetorComParams", "Aula72VetorComParams\Aula72VetorComParams.csproj", "{EB4C38B8-F368-4435-9957-D4EAAC2037BB}"
EndProject
Global
	GlobalSection(SolutionConfigurationPlatforms) = preSolution
		Debug|Any CPU = Debug|Any CPU
		Release|Any CPU = Release|Any CPU
	EndGlobalSection
	GlobalSection(ProjectConfigurationPlatforms) = postSolution
		{EB4C38B8-F368-4435-9957-D4EAAC2037BB}.Debug|Any CPU.ActiveCfg = Debug|Any CPU
		{EB4C38B8-F368-4435-9957-D4EAAC2037BB}.Debug|Any CPU.Build.0 = Debug|Any CPU
		{EB4C38B8-F368-4435-9957-D4EAAC2037BB}.Release|Any CPU.ActiveCfg = Release|Any CPU
		{EB4C38B8-F368-4435-9957-D4EAAC2037BB}.Release|Any CPU.Build.0 = Release|Any CPU
	EndGlobalSection
	GlobalSection(SolutionProperties) = preSolution
		HideSolutionNode = FALSE
	EndGlobalSection
	GlobalSection(ExtensibilityGlobals) = postSolution
		SolutionGuid = {D629AD02-7532-409D-86DC-AB9DE4F3724D}
	EndGlobalSection
EndGlobal
