
Microsoft Visual Studio Solution File, Format Version 12.00
# Visual Studio Version 16
VisualStudioVersion = 16.0.30804.86
MinimumVisualStudioVersion = 10.0.40219.1
Project("{FAE04EC0-301F-11D3-BF4B-00C04F79EFBC}") = "ClasseAreaTriangulo", "ClasseAreaTriangulo.csproj", "{EDA27E3D-BCBD-4825-919E-A3E22C06F3EA}"
EndProject
Global
	GlobalSection(SolutionConfigurationPlatforms) = preSolution
		Debug|Any CPU = Debug|Any CPU
		Release|Any CPU = Release|Any CPU
	EndGlobalSection
	GlobalSection(ProjectConfigurationPlatforms) = postSolution
		{EDA27E3D-BCBD-4825-919E-A3E22C06F3EA}.Debug|Any CPU.ActiveCfg = Debug|Any CPU
		{EDA27E3D-BCBD-4825-919E-A3E22C06F3EA}.Debug|Any CPU.Build.0 = Debug|Any CPU
		{EDA27E3D-BCBD-4825-919E-A3E22C06F3EA}.Release|Any CPU.ActiveCfg = Release|Any CPU
		{EDA27E3D-BCBD-4825-919E-A3E22C06F3EA}.Release|Any CPU.Build.0 = Release|Any CPU
	EndGlobalSection
	GlobalSection(SolutionProperties) = preSolution
		HideSolutionNode = FALSE
	EndGlobalSection
	GlobalSection(ExtensibilityGlobals) = postSolution
		SolutionGuid = {E0E19621-1070-48AD-8389-D26E68C145F6}
	EndGlobalSection
EndGlobal
