
Microsoft Visual Studio Solution File, Format Version 12.00
# Visual Studio Version 16
VisualStudioVersion = 16.0.30804.86
MinimumVisualStudioVersion = 10.0.40219.1
Project("{FAE04EC0-301F-11D3-BF4B-00C04F79EFBC}") = "SalesWebMvc", "SalesWebMvc\SalesWebMvc.csproj", "{AE9E609F-5782-4780-9D1A-DC5F768F1118}"
EndProject
Global
	GlobalSection(SolutionConfigurationPlatforms) = preSolution
		Debug|Any CPU = Debug|Any CPU
		Release|Any CPU = Release|Any CPU
	EndGlobalSection
	GlobalSection(ProjectConfigurationPlatforms) = postSolution
		{AE9E609F-5782-4780-9D1A-DC5F768F1118}.Debug|Any CPU.ActiveCfg = Debug|Any CPU
		{AE9E609F-5782-4780-9D1A-DC5F768F1118}.Debug|Any CPU.Build.0 = Debug|Any CPU
		{AE9E609F-5782-4780-9D1A-DC5F768F1118}.Release|Any CPU.ActiveCfg = Release|Any CPU
		{AE9E609F-5782-4780-9D1A-DC5F768F1118}.Release|Any CPU.Build.0 = Release|Any CPU
	EndGlobalSection
	GlobalSection(SolutionProperties) = preSolution
		HideSolutionNode = FALSE
	EndGlobalSection
	GlobalSection(ExtensibilityGlobals) = postSolution
		SolutionGuid = {E0010755-E67C-4F94-83E0-E28DBEA44756}
	EndGlobalSection
EndGlobal
