
Microsoft Visual Studio Solution File, Format Version 12.00
# Visual Studio Version 16
VisualStudioVersion = 16.0.30804.86
MinimumVisualStudioVersion = 10.0.40219.1
Project("{FAE04EC0-301F-11D3-BF4B-00C04F79EFBC}") = "Aula123SistemaCompletoPedidos", "Aula123SistemaCompletoPedidos\Aula123SistemaCompletoPedidos.csproj", "{C036E42F-3190-4E94-9930-9E6E2CD8F770}"
EndProject
Global
	GlobalSection(SolutionConfigurationPlatforms) = preSolution
		Debug|Any CPU = Debug|Any CPU
		Release|Any CPU = Release|Any CPU
	EndGlobalSection
	GlobalSection(ProjectConfigurationPlatforms) = postSolution
		{C036E42F-3190-4E94-9930-9E6E2CD8F770}.Debug|Any CPU.ActiveCfg = Debug|Any CPU
		{C036E42F-3190-4E94-9930-9E6E2CD8F770}.Debug|Any CPU.Build.0 = Debug|Any CPU
		{C036E42F-3190-4E94-9930-9E6E2CD8F770}.Release|Any CPU.ActiveCfg = Release|Any CPU
		{C036E42F-3190-4E94-9930-9E6E2CD8F770}.Release|Any CPU.Build.0 = Release|Any CPU
	EndGlobalSection
	GlobalSection(SolutionProperties) = preSolution
		HideSolutionNode = FALSE
	EndGlobalSection
	GlobalSection(ExtensibilityGlobals) = postSolution
		SolutionGuid = {D4A2D617-F6BB-458A-B073-94E7D376A513}
	EndGlobalSection
EndGlobal
